{
  "name": "@donxdone/aboutme-cli",
  "version": "0.1.1",
  "lockfileVersion": 3,
  "requires": true,
  "packages": {
    "": {
      "name": "@donxdone/aboutme-cli",
      "version": "0.1.1",
      "license": "MIT",
      "bin": {
        "aboutme-cli": "bin/aboutme-cli.js",
        "donxdone": "bin/aboutme-cli.js"
      },
      "engines": {
        "node": ">=18"
      }
    }
  }
}
